
Microsoft Visual Studio Solution File, Format Version 12.00
Project("{2150E333-8FDC-42A3-9474-1A3956D46DE8}") = "Client", "Client", "{7957778D-6CCF-4E06-BBA0-3BEB50745E26}"
EndProject
Project("{2150E333-8FDC-42A3-9474-1A3956D46DE8}") = "Server", "Server", "{9DC109E7-C132-4994-AA5D-E80171BE2A10}"
EndProject
Project("{FAE04EC0-301F-11D3-BF4B-00C04F79EFBC}") = "Cryptie.Client.Domain", "src\Cryptie.Client.Domain\Cryptie.Client.Domain.csproj", "{0B5A3FD7-EBB8-4958-92D5-B43EC5AFEAE7}"
EndProject
Project("{FAE04EC0-301F-11D3-BF4B-00C04F79EFBC}") = "Cryptie.Client.Infrastructure", "src\Cryptie.Client.Infrastructure\Cryptie.Client.Infrastructure.csproj", "{26F613D6-4195-44E2-B8BA-B32D1D1EA066}"
EndProject
Project("{FAE04EC0-301F-11D3-BF4B-00C04F79EFBC}") = "Cryptie.Client.Desktop", "src\Cryptie.Client.Desktop\Cryptie.Client.Desktop.csproj", "{77A047B4-E2B8-426C-841D-57937357C84C}"
EndProject
Project("{FAE04EC0-301F-11D3-BF4B-00C04F79EFBC}") = "Cryptie.Server.Domain", "src\Cryptie.Server.Domain\Cryptie.Server.Domain.csproj", "{26F39C9F-9C36-4291-8237-9F27EA91644D}"
EndProject
Project("{FAE04EC0-301F-11D3-BF4B-00C04F79EFBC}") = "Cryptie.Server.Infrastructure", "src\Cryptie.Server.Infrastructure\Cryptie.Server.Infrastructure.csproj", "{8CE50C4E-44FF-452D-BB6D-6AFF35029D83}"
EndProject
Project("{FAE04EC0-301F-11D3-BF4B-00C04F79EFBC}") = "Cryptie.Server.API", "src\Cryptie.Server.API\Cryptie.Server.API.csproj", "{1AEBD37B-37C1-407C-9FDA-DCE9458F4388}"
EndProject
Project("{FAE04EC0-301F-11D3-BF4B-00C04F79EFBC}") = "Cryptie.Common.Tests", "src\Cryptie.Common.Tests\Cryptie.Common.Tests.csproj", "{09324F05-BE7E-48E6-9DA6-4078D334686A}"
EndProject
Project("{FAE04EC0-301F-11D3-BF4B-00C04F79EFBC}") = "Cryptie.Common", "src\Cryptie.Common\Cryptie.Common.csproj", "{5D809325-0456-41DE-B721-6FE6049D42C8}"
EndProject
Project("{2150E333-8FDC-42A3-9474-1A3956D46DE8}") = "Common", "Common", "{C1B1E4FB-EDB8-4C96-9589-F408DF93CE97}"
EndProject
Project("{FAE04EC0-301F-11D3-BF4B-00C04F79EFBC}") = "Cryptie.Server.API.Tests", "src\Cryptie.Server.API.Tests\Cryptie.Server.API.Tests.csproj", "{BDDC9AF5-DDA2-4C8A-96E3-0EBADFBAB98E}"
EndProject
Project("{FAE04EC0-301F-11D3-BF4B-00C04F79EFBC}") = "Cryptie.Client.Domain.Tests", "src\Cryptie.Client.Domain.Tests\Cryptie.Client.Domain.Tests.csproj", "{770198E4-2D58-4DF7-8EF6-AEB7B3A85A51}"
EndProject
Project("{FAE04EC0-301F-11D3-BF4B-00C04F79EFBC}") = "Cryptie.Client.Infrastructure.Tests", "src\Cryptie.Client.Infrastructure.Tests\Cryptie.Client.Infrastructure.Tests.csproj", "{31774AAD-185C-4539-A083-44470A1895F1}"
EndProject
Global
	GlobalSection(SolutionConfigurationPlatforms) = preSolution
		Debug|Any CPU = Debug|Any CPU
		Release|Any CPU = Release|Any CPU
	EndGlobalSection
	GlobalSection(ProjectConfigurationPlatforms) = postSolution
		{0B5A3FD7-EBB8-4958-92D5-B43EC5AFEAE7}.Debug|Any CPU.ActiveCfg = Debug|Any CPU
		{0B5A3FD7-EBB8-4958-92D5-B43EC5AFEAE7}.Debug|Any CPU.Build.0 = Debug|Any CPU
		{0B5A3FD7-EBB8-4958-92D5-B43EC5AFEAE7}.Release|Any CPU.ActiveCfg = Release|Any CPU
		{0B5A3FD7-EBB8-4958-92D5-B43EC5AFEAE7}.Release|Any CPU.Build.0 = Release|Any CPU
		{26F613D6-4195-44E2-B8BA-B32D1D1EA066}.Debug|Any CPU.ActiveCfg = Debug|Any CPU
		{26F613D6-4195-44E2-B8BA-B32D1D1EA066}.Debug|Any CPU.Build.0 = Debug|Any CPU
		{26F613D6-4195-44E2-B8BA-B32D1D1EA066}.Release|Any CPU.ActiveCfg = Release|Any CPU
		{26F613D6-4195-44E2-B8BA-B32D1D1EA066}.Release|Any CPU.Build.0 = Release|Any CPU
		{77A047B4-E2B8-426C-841D-57937357C84C}.Debug|Any CPU.ActiveCfg = Debug|Any CPU
		{77A047B4-E2B8-426C-841D-57937357C84C}.Debug|Any CPU.Build.0 = Debug|Any CPU
		{77A047B4-E2B8-426C-841D-57937357C84C}.Release|Any CPU.ActiveCfg = Release|Any CPU
		{77A047B4-E2B8-426C-841D-57937357C84C}.Release|Any CPU.Build.0 = Release|Any CPU
		{26F39C9F-9C36-4291-8237-9F27EA91644D}.Debug|Any CPU.ActiveCfg = Debug|Any CPU
		{26F39C9F-9C36-4291-8237-9F27EA91644D}.Debug|Any CPU.Build.0 = Debug|Any CPU
		{26F39C9F-9C36-4291-8237-9F27EA91644D}.Release|Any CPU.ActiveCfg = Release|Any CPU
		{26F39C9F-9C36-4291-8237-9F27EA91644D}.Release|Any CPU.Build.0 = Release|Any CPU
		{8CE50C4E-44FF-452D-BB6D-6AFF35029D83}.Debug|Any CPU.ActiveCfg = Debug|Any CPU
		{8CE50C4E-44FF-452D-BB6D-6AFF35029D83}.Debug|Any CPU.Build.0 = Debug|Any CPU
		{8CE50C4E-44FF-452D-BB6D-6AFF35029D83}.Release|Any CPU.ActiveCfg = Release|Any CPU
		{8CE50C4E-44FF-452D-BB6D-6AFF35029D83}.Release|Any CPU.Build.0 = Release|Any CPU
		{1AEBD37B-37C1-407C-9FDA-DCE9458F4388}.Debug|Any CPU.ActiveCfg = Debug|Any CPU
		{1AEBD37B-37C1-407C-9FDA-DCE9458F4388}.Debug|Any CPU.Build.0 = Debug|Any CPU
		{1AEBD37B-37C1-407C-9FDA-DCE9458F4388}.Release|Any CPU.ActiveCfg = Release|Any CPU
		{1AEBD37B-37C1-407C-9FDA-DCE9458F4388}.Release|Any CPU.Build.0 = Release|Any CPU
		{09324F05-BE7E-48E6-9DA6-4078D334686A}.Debug|Any CPU.ActiveCfg = Debug|Any CPU
		{09324F05-BE7E-48E6-9DA6-4078D334686A}.Debug|Any CPU.Build.0 = Debug|Any CPU
		{09324F05-BE7E-48E6-9DA6-4078D334686A}.Release|Any CPU.ActiveCfg = Release|Any CPU
		{09324F05-BE7E-48E6-9DA6-4078D334686A}.Release|Any CPU.Build.0 = Release|Any CPU
		{5D809325-0456-41DE-B721-6FE6049D42C8}.Debug|Any CPU.ActiveCfg = Debug|Any CPU
		{5D809325-0456-41DE-B721-6FE6049D42C8}.Debug|Any CPU.Build.0 = Debug|Any CPU
		{5D809325-0456-41DE-B721-6FE6049D42C8}.Release|Any CPU.ActiveCfg = Release|Any CPU
		{5D809325-0456-41DE-B721-6FE6049D42C8}.Release|Any CPU.Build.0 = Release|Any CPU
		{BDDC9AF5-DDA2-4C8A-96E3-0EBADFBAB98E}.Debug|Any CPU.ActiveCfg = Debug|Any CPU
		{BDDC9AF5-DDA2-4C8A-96E3-0EBADFBAB98E}.Debug|Any CPU.Build.0 = Debug|Any CPU
		{BDDC9AF5-DDA2-4C8A-96E3-0EBADFBAB98E}.Release|Any CPU.ActiveCfg = Release|Any CPU
		{BDDC9AF5-DDA2-4C8A-96E3-0EBADFBAB98E}.Release|Any CPU.Build.0 = Release|Any CPU
		{770198E4-2D58-4DF7-8EF6-AEB7B3A85A51}.Debug|Any CPU.ActiveCfg = Debug|Any CPU
		{770198E4-2D58-4DF7-8EF6-AEB7B3A85A51}.Debug|Any CPU.Build.0 = Debug|Any CPU
		{770198E4-2D58-4DF7-8EF6-AEB7B3A85A51}.Release|Any CPU.ActiveCfg = Release|Any CPU
		{770198E4-2D58-4DF7-8EF6-AEB7B3A85A51}.Release|Any CPU.Build.0 = Release|Any CPU
		{31774AAD-185C-4539-A083-44470A1895F1}.Debug|Any CPU.ActiveCfg = Debug|Any CPU
		{31774AAD-185C-4539-A083-44470A1895F1}.Debug|Any CPU.Build.0 = Debug|Any CPU
		{31774AAD-185C-4539-A083-44470A1895F1}.Release|Any CPU.ActiveCfg = Release|Any CPU
		{31774AAD-185C-4539-A083-44470A1895F1}.Release|Any CPU.Build.0 = Release|Any CPU
	EndGlobalSection
	GlobalSection(NestedProjects) = preSolution
		{0B5A3FD7-EBB8-4958-92D5-B43EC5AFEAE7} = {7957778D-6CCF-4E06-BBA0-3BEB50745E26}
		{26F613D6-4195-44E2-B8BA-B32D1D1EA066} = {7957778D-6CCF-4E06-BBA0-3BEB50745E26}
		{77A047B4-E2B8-426C-841D-57937357C84C} = {7957778D-6CCF-4E06-BBA0-3BEB50745E26}
		{26F39C9F-9C36-4291-8237-9F27EA91644D} = {9DC109E7-C132-4994-AA5D-E80171BE2A10}
		{8CE50C4E-44FF-452D-BB6D-6AFF35029D83} = {9DC109E7-C132-4994-AA5D-E80171BE2A10}
		{1AEBD37B-37C1-407C-9FDA-DCE9458F4388} = {9DC109E7-C132-4994-AA5D-E80171BE2A10}
		{5D809325-0456-41DE-B721-6FE6049D42C8} = {C1B1E4FB-EDB8-4C96-9589-F408DF93CE97}
		{09324F05-BE7E-48E6-9DA6-4078D334686A} = {C1B1E4FB-EDB8-4C96-9589-F408DF93CE97}
		{BDDC9AF5-DDA2-4C8A-96E3-0EBADFBAB98E} = {9DC109E7-C132-4994-AA5D-E80171BE2A10}
		{770198E4-2D58-4DF7-8EF6-AEB7B3A85A51} = {7957778D-6CCF-4E06-BBA0-3BEB50745E26}
		{31774AAD-185C-4539-A083-44470A1895F1} = {7957778D-6CCF-4E06-BBA0-3BEB50745E26}
	EndGlobalSection
EndGlobal
